
Microsoft Visual Studio Solution File, Format Version 12.00
# Visual Studio Version 17
VisualStudioVersion = 17.5.33530.505
MinimumVisualStudioVersion = 10.0.40219.1
Project("{FAE04EC0-301F-11D3-BF4B-00C04F79EFBC}") = "Disconnected Environment", "Disconnected Environment\Disconnected Environment.csproj", "{4E3EA9BD-0725-45DF-8A9D-DC0F821BC368}"
EndProject
Global
	GlobalSection(SolutionConfigurationPlatforms) = preSolution
		Debug|Any CPU = Debug|Any CPU
		Release|Any CPU = Release|Any CPU
	EndGlobalSection
	GlobalSection(ProjectConfigurationPlatforms) = postSolution
		{4E3EA9BD-0725-45DF-8A9D-DC0F821BC368}.Debug|Any CPU.ActiveCfg = Debug|Any CPU
		{4E3EA9BD-0725-45DF-8A9D-DC0F821BC368}.Debug|Any CPU.Build.0 = Debug|Any CPU
		{4E3EA9BD-0725-45DF-8A9D-DC0F821BC368}.Release|Any CPU.ActiveCfg = Release|Any CPU
		{4E3EA9BD-0725-45DF-8A9D-DC0F821BC368}.Release|Any CPU.Build.0 = Release|Any CPU
	EndGlobalSection
	GlobalSection(SolutionProperties) = preSolution
		HideSolutionNode = FALSE
	EndGlobalSection
	GlobalSection(ExtensibilityGlobals) = postSolution
		SolutionGuid = {3FC6034B-A982-4E72-A7AE-2BBD02374C4F}
	EndGlobalSection
EndGlobal
